
Microsoft Visual Studio Solution File, Format Version 12.00
# Visual Studio 14
VisualStudioVersion = 14.0.25420.1
MinimumVisualStudioVersion = 10.0.40219.1
Project("{2150E333-8FDC-42A3-9474-1A3956D46DE8}") = "src", "src", "{A8AC6327-1536-495C-B6F5-63A4543401F3}"
EndProject
Project("{2150E333-8FDC-42A3-9474-1A3956D46DE8}") = "DataAPI", "DataAPI", "{ED03DF44-E68F-44FA-B919-6ECF0C5303FE}"
EndProject
Project("{2150E333-8FDC-42A3-9474-1A3956D46DE8}") = "GlobalAPI", "GlobalAPI", "{8EBFC815-2B8A-46F8-AD5A-414E3F4CAC76}"
EndProject
Project("{2150E333-8FDC-42A3-9474-1A3956D46DE8}") = "ServiceAPI", "ServiceAPI", "{8ADE91E9-3CCA-4D49-9C17-28F8143E0BD0}"
EndProject
Project("{2150E333-8FDC-42A3-9474-1A3956D46DE8}") = "UserAPI", "UserAPI", "{A81E2D6F-21EA-4AB3-9966-BF0D865CF164}"
EndProject
Project("{FAE04EC0-301F-11D3-BF4B-00C04F79EFBC}") = "Golf.Model", "src\DataAPI\Golf.Model\Golf.Model.csproj", "{293B3BA1-54BA-4DD3-B080-935C29EB6CAD}"
EndProject
Project("{FAE04EC0-301F-11D3-BF4B-00C04F79EFBC}") = "Golf.Repository", "src\DataAPI\Golf.Repository\Golf.Repository.csproj", "{8AC70A69-DA89-4489-94A3-E405F4066503}"
EndProject
Project("{FAE04EC0-301F-11D3-BF4B-00C04F79EFBC}") = "Golf.Global", "src\GlobalAPI\Golf.Global\Golf.Global.csproj", "{C01FDC34-3F12-4DF6-9A04-B8C70ED14165}"
EndProject
Project("{FAE04EC0-301F-11D3-BF4B-00C04F79EFBC}") = "Golf.ServiceLayer", "src\ServiceAPI\Golf.ServiceLayer\Golf.ServiceLayer.csproj", "{66BA42E6-7EAB-48A0-A451-5A6144AE6270}"
EndProject
Project("{FAE04EC0-301F-11D3-BF4B-00C04F79EFBC}") = "Golf.ServiceLayer.Dto", "src\ServiceAPI\Golf.ServiceLayer.Dto\Golf.ServiceLayer.Dto.csproj", "{EC80AC43-3AD8-483E-93CB-57A287E5D3FC}"
EndProject
Project("{FAE04EC0-301F-11D3-BF4B-00C04F79EFBC}") = "Golf.RESTService", "src\ServiceAPI\Golf.RESTService\Golf.RESTService.csproj", "{EF849B3D-6F49-4BC4-A42E-A34D0BB624ED}"
EndProject
Project("{FAE04EC0-301F-11D3-BF4B-00C04F79EFBC}") = "Golf.RESTService.Client", "src\ServiceAPI\Golf.RESTService.Client\Golf.RESTService.Client.csproj", "{DB3F949D-1666-405D-8F39-61D987755CA1}"
EndProject
Project("{FAE04EC0-301F-11D3-BF4B-00C04F79EFBC}") = "Golf.MVCApplication", "src\UserAPI\Golf.MVCApplication\Golf.MVCApplication.csproj", "{54538169-DC77-493F-B95F-1E00FF1618CF}"
EndProject
Global
	GlobalSection(SolutionConfigurationPlatforms) = preSolution
		Debug|Any CPU = Debug|Any CPU
		Release|Any CPU = Release|Any CPU
	EndGlobalSection
	GlobalSection(ProjectConfigurationPlatforms) = postSolution
		{293B3BA1-54BA-4DD3-B080-935C29EB6CAD}.Debug|Any CPU.ActiveCfg = Debug|Any CPU
		{293B3BA1-54BA-4DD3-B080-935C29EB6CAD}.Debug|Any CPU.Build.0 = Debug|Any CPU
		{293B3BA1-54BA-4DD3-B080-935C29EB6CAD}.Release|Any CPU.ActiveCfg = Release|Any CPU
		{293B3BA1-54BA-4DD3-B080-935C29EB6CAD}.Release|Any CPU.Build.0 = Release|Any CPU
		{8AC70A69-DA89-4489-94A3-E405F4066503}.Debug|Any CPU.ActiveCfg = Debug|Any CPU
		{8AC70A69-DA89-4489-94A3-E405F4066503}.Debug|Any CPU.Build.0 = Debug|Any CPU
		{8AC70A69-DA89-4489-94A3-E405F4066503}.Release|Any CPU.ActiveCfg = Release|Any CPU
		{8AC70A69-DA89-4489-94A3-E405F4066503}.Release|Any CPU.Build.0 = Release|Any CPU
		{C01FDC34-3F12-4DF6-9A04-B8C70ED14165}.Debug|Any CPU.ActiveCfg = Debug|Any CPU
		{C01FDC34-3F12-4DF6-9A04-B8C70ED14165}.Debug|Any CPU.Build.0 = Debug|Any CPU
		{C01FDC34-3F12-4DF6-9A04-B8C70ED14165}.Release|Any CPU.ActiveCfg = Release|Any CPU
		{C01FDC34-3F12-4DF6-9A04-B8C70ED14165}.Release|Any CPU.Build.0 = Release|Any CPU
		{66BA42E6-7EAB-48A0-A451-5A6144AE6270}.Debug|Any CPU.ActiveCfg = Debug|Any CPU
		{66BA42E6-7EAB-48A0-A451-5A6144AE6270}.Debug|Any CPU.Build.0 = Debug|Any CPU
		{66BA42E6-7EAB-48A0-A451-5A6144AE6270}.Release|Any CPU.ActiveCfg = Release|Any CPU
		{66BA42E6-7EAB-48A0-A451-5A6144AE6270}.Release|Any CPU.Build.0 = Release|Any CPU
		{EC80AC43-3AD8-483E-93CB-57A287E5D3FC}.Debug|Any CPU.ActiveCfg = Debug|Any CPU
		{EC80AC43-3AD8-483E-93CB-57A287E5D3FC}.Debug|Any CPU.Build.0 = Debug|Any CPU
		{EC80AC43-3AD8-483E-93CB-57A287E5D3FC}.Release|Any CPU.ActiveCfg = Release|Any CPU
		{EC80AC43-3AD8-483E-93CB-57A287E5D3FC}.Release|Any CPU.Build.0 = Release|Any CPU
		{EF849B3D-6F49-4BC4-A42E-A34D0BB624ED}.Debug|Any CPU.ActiveCfg = Debug|Any CPU
		{EF849B3D-6F49-4BC4-A42E-A34D0BB624ED}.Debug|Any CPU.Build.0 = Debug|Any CPU
		{EF849B3D-6F49-4BC4-A42E-A34D0BB624ED}.Release|Any CPU.ActiveCfg = Release|Any CPU
		{EF849B3D-6F49-4BC4-A42E-A34D0BB624ED}.Release|Any CPU.Build.0 = Release|Any CPU
		{DB3F949D-1666-405D-8F39-61D987755CA1}.Debug|Any CPU.ActiveCfg = Debug|Any CPU
		{DB3F949D-1666-405D-8F39-61D987755CA1}.Debug|Any CPU.Build.0 = Debug|Any CPU
		{DB3F949D-1666-405D-8F39-61D987755CA1}.Release|Any CPU.ActiveCfg = Release|Any CPU
		{DB3F949D-1666-405D-8F39-61D987755CA1}.Release|Any CPU.Build.0 = Release|Any CPU
		{54538169-DC77-493F-B95F-1E00FF1618CF}.Debug|Any CPU.ActiveCfg = Debug|Any CPU
		{54538169-DC77-493F-B95F-1E00FF1618CF}.Debug|Any CPU.Build.0 = Debug|Any CPU
		{54538169-DC77-493F-B95F-1E00FF1618CF}.Release|Any CPU.ActiveCfg = Release|Any CPU
		{54538169-DC77-493F-B95F-1E00FF1618CF}.Release|Any CPU.Build.0 = Release|Any CPU
	EndGlobalSection
	GlobalSection(SolutionProperties) = preSolution
		HideSolutionNode = FALSE
	EndGlobalSection
	GlobalSection(NestedProjects) = preSolution
		{ED03DF44-E68F-44FA-B919-6ECF0C5303FE} = {A8AC6327-1536-495C-B6F5-63A4543401F3}
		{8EBFC815-2B8A-46F8-AD5A-414E3F4CAC76} = {A8AC6327-1536-495C-B6F5-63A4543401F3}
		{8ADE91E9-3CCA-4D49-9C17-28F8143E0BD0} = {A8AC6327-1536-495C-B6F5-63A4543401F3}
		{A81E2D6F-21EA-4AB3-9966-BF0D865CF164} = {A8AC6327-1536-495C-B6F5-63A4543401F3}
		{293B3BA1-54BA-4DD3-B080-935C29EB6CAD} = {ED03DF44-E68F-44FA-B919-6ECF0C5303FE}
		{8AC70A69-DA89-4489-94A3-E405F4066503} = {ED03DF44-E68F-44FA-B919-6ECF0C5303FE}
		{C01FDC34-3F12-4DF6-9A04-B8C70ED14165} = {8EBFC815-2B8A-46F8-AD5A-414E3F4CAC76}
		{66BA42E6-7EAB-48A0-A451-5A6144AE6270} = {8ADE91E9-3CCA-4D49-9C17-28F8143E0BD0}
		{EC80AC43-3AD8-483E-93CB-57A287E5D3FC} = {8ADE91E9-3CCA-4D49-9C17-28F8143E0BD0}
		{EF849B3D-6F49-4BC4-A42E-A34D0BB624ED} = {8ADE91E9-3CCA-4D49-9C17-28F8143E0BD0}
		{DB3F949D-1666-405D-8F39-61D987755CA1} = {8ADE91E9-3CCA-4D49-9C17-28F8143E0BD0}
		{54538169-DC77-493F-B95F-1E00FF1618CF} = {A81E2D6F-21EA-4AB3-9966-BF0D865CF164}
	EndGlobalSection
EndGlobal
