
Microsoft Visual Studio Solution File, Format Version 12.00
# Visual Studio 14
VisualStudioVersion = 14.0.25420.1
MinimumVisualStudioVersion = 10.0.40219.1
Project("{2150E333-8FDC-42A3-9474-1A3956D46DE8}") = "Solution Items", "Solution Items", "{8BBCFB98-D560-4F69-8D7E-E597B60CA51B}"
	ProjectSection(SolutionItems) = preProject
		global.json = global.json
	EndProjectSection
EndProject
Project("{2150E333-8FDC-42A3-9474-1A3956D46DE8}") = "src", "src", "{68CD676C-9997-4961-9C9C-7D144622D542}"
EndProject
Project("{2150E333-8FDC-42A3-9474-1A3956D46DE8}") = "DataAPI", "DataAPI", "{DBFA84EC-A29E-4396-A669-638917E8C424}"
EndProject
Project("{2150E333-8FDC-42A3-9474-1A3956D46DE8}") = "GlobalAPI", "GlobalAPI", "{C8F8EF71-8BCB-4660-8306-33791A7ADAD8}"
EndProject
Project("{2150E333-8FDC-42A3-9474-1A3956D46DE8}") = "ServiceAPI", "ServiceAPI", "{5CBD0735-70DD-4077-A8DC-EEF29A0B5E47}"
EndProject
Project("{2150E333-8FDC-42A3-9474-1A3956D46DE8}") = "UserAPI", "UserAPI", "{A29DCE6C-A1AC-4315-97C9-DC0006C0F2B6}"
EndProject
Project("{8BB2217D-0F2D-49D1-97BC-3654ED321F3B}") = "Golf.Model", "src\DataAPI\Golf.Model\Golf.Model.xproj", "{6E17F1A7-7193-4516-87D1-18B4B6A11D3A}"
EndProject
Project("{8BB2217D-0F2D-49D1-97BC-3654ED321F3B}") = "Golf.Repository", "src\DataAPI\Golf.Repository\Golf.Repository.xproj", "{A5D14F38-E40E-493C-BA4F-842681982B0E}"
EndProject
Project("{8BB2217D-0F2D-49D1-97BC-3654ED321F3B}") = "Golf.Global", "src\GlobalAPI\Golf.Global\Golf.Global.xproj", "{2415987F-8BA4-486F-838D-5B8A7530B437}"
EndProject
Project("{8BB2217D-0F2D-49D1-97BC-3654ED321F3B}") = "Golf.RESTService", "src\ServiceAPI\Golf.RESTService\Golf.RESTService.xproj", "{E1BC118B-0FBE-40F3-BC96-F8BAC4AF3470}"
EndProject
Project("{8BB2217D-0F2D-49D1-97BC-3654ED321F3B}") = "Golf.ServiceLayer", "src\ServiceAPI\Golf.ServiceLayer\Golf.ServiceLayer.xproj", "{943D78ED-C09D-46BC-B220-CFF8D5B690D0}"
EndProject
Project("{8BB2217D-0F2D-49D1-97BC-3654ED321F3B}") = "Golf.ServiceLayer.Dto", "src\ServiceAPI\Golf.ServiceLayer.Dto\Golf.ServiceLayer.Dto.xproj", "{9A0FAF68-731F-4C4F-B2D5-1BAD565ADC13}"
EndProject
Project("{8BB2217D-0F2D-49D1-97BC-3654ED321F3B}") = "Golf.MVCApplication", "src\UserAPI\Golf.MVCApplication\Golf.MVCApplication.xproj", "{BAEF71E6-15FA-4A39-8D67-C92B4814A407}"
EndProject
Global
	GlobalSection(SolutionConfigurationPlatforms) = preSolution
		Debug|Any CPU = Debug|Any CPU
		Release|Any CPU = Release|Any CPU
	EndGlobalSection
	GlobalSection(ProjectConfigurationPlatforms) = postSolution
		{6E17F1A7-7193-4516-87D1-18B4B6A11D3A}.Debug|Any CPU.ActiveCfg = Debug|Any CPU
		{6E17F1A7-7193-4516-87D1-18B4B6A11D3A}.Debug|Any CPU.Build.0 = Debug|Any CPU
		{6E17F1A7-7193-4516-87D1-18B4B6A11D3A}.Release|Any CPU.ActiveCfg = Release|Any CPU
		{6E17F1A7-7193-4516-87D1-18B4B6A11D3A}.Release|Any CPU.Build.0 = Release|Any CPU
		{A5D14F38-E40E-493C-BA4F-842681982B0E}.Debug|Any CPU.ActiveCfg = Debug|Any CPU
		{A5D14F38-E40E-493C-BA4F-842681982B0E}.Debug|Any CPU.Build.0 = Debug|Any CPU
		{A5D14F38-E40E-493C-BA4F-842681982B0E}.Release|Any CPU.ActiveCfg = Release|Any CPU
		{A5D14F38-E40E-493C-BA4F-842681982B0E}.Release|Any CPU.Build.0 = Release|Any CPU
		{2415987F-8BA4-486F-838D-5B8A7530B437}.Debug|Any CPU.ActiveCfg = Debug|Any CPU
		{2415987F-8BA4-486F-838D-5B8A7530B437}.Debug|Any CPU.Build.0 = Debug|Any CPU
		{2415987F-8BA4-486F-838D-5B8A7530B437}.Release|Any CPU.ActiveCfg = Release|Any CPU
		{2415987F-8BA4-486F-838D-5B8A7530B437}.Release|Any CPU.Build.0 = Release|Any CPU
		{E1BC118B-0FBE-40F3-BC96-F8BAC4AF3470}.Debug|Any CPU.ActiveCfg = Debug|Any CPU
		{E1BC118B-0FBE-40F3-BC96-F8BAC4AF3470}.Debug|Any CPU.Build.0 = Debug|Any CPU
		{E1BC118B-0FBE-40F3-BC96-F8BAC4AF3470}.Release|Any CPU.ActiveCfg = Release|Any CPU
		{E1BC118B-0FBE-40F3-BC96-F8BAC4AF3470}.Release|Any CPU.Build.0 = Release|Any CPU
		{943D78ED-C09D-46BC-B220-CFF8D5B690D0}.Debug|Any CPU.ActiveCfg = Debug|Any CPU
		{943D78ED-C09D-46BC-B220-CFF8D5B690D0}.Debug|Any CPU.Build.0 = Debug|Any CPU
		{943D78ED-C09D-46BC-B220-CFF8D5B690D0}.Release|Any CPU.ActiveCfg = Release|Any CPU
		{943D78ED-C09D-46BC-B220-CFF8D5B690D0}.Release|Any CPU.Build.0 = Release|Any CPU
		{9A0FAF68-731F-4C4F-B2D5-1BAD565ADC13}.Debug|Any CPU.ActiveCfg = Debug|Any CPU
		{9A0FAF68-731F-4C4F-B2D5-1BAD565ADC13}.Debug|Any CPU.Build.0 = Debug|Any CPU
		{9A0FAF68-731F-4C4F-B2D5-1BAD565ADC13}.Release|Any CPU.ActiveCfg = Release|Any CPU
		{9A0FAF68-731F-4C4F-B2D5-1BAD565ADC13}.Release|Any CPU.Build.0 = Release|Any CPU
		{BAEF71E6-15FA-4A39-8D67-C92B4814A407}.Debug|Any CPU.ActiveCfg = Debug|Any CPU
		{BAEF71E6-15FA-4A39-8D67-C92B4814A407}.Debug|Any CPU.Build.0 = Debug|Any CPU
		{BAEF71E6-15FA-4A39-8D67-C92B4814A407}.Release|Any CPU.ActiveCfg = Release|Any CPU
		{BAEF71E6-15FA-4A39-8D67-C92B4814A407}.Release|Any CPU.Build.0 = Release|Any CPU
	EndGlobalSection
	GlobalSection(SolutionProperties) = preSolution
		HideSolutionNode = FALSE
	EndGlobalSection
	GlobalSection(NestedProjects) = preSolution
		{DBFA84EC-A29E-4396-A669-638917E8C424} = {68CD676C-9997-4961-9C9C-7D144622D542}
		{C8F8EF71-8BCB-4660-8306-33791A7ADAD8} = {68CD676C-9997-4961-9C9C-7D144622D542}
		{5CBD0735-70DD-4077-A8DC-EEF29A0B5E47} = {68CD676C-9997-4961-9C9C-7D144622D542}
		{A29DCE6C-A1AC-4315-97C9-DC0006C0F2B6} = {68CD676C-9997-4961-9C9C-7D144622D542}
		{6E17F1A7-7193-4516-87D1-18B4B6A11D3A} = {DBFA84EC-A29E-4396-A669-638917E8C424}
		{A5D14F38-E40E-493C-BA4F-842681982B0E} = {DBFA84EC-A29E-4396-A669-638917E8C424}
		{2415987F-8BA4-486F-838D-5B8A7530B437} = {C8F8EF71-8BCB-4660-8306-33791A7ADAD8}
		{E1BC118B-0FBE-40F3-BC96-F8BAC4AF3470} = {5CBD0735-70DD-4077-A8DC-EEF29A0B5E47}
		{943D78ED-C09D-46BC-B220-CFF8D5B690D0} = {5CBD0735-70DD-4077-A8DC-EEF29A0B5E47}
		{9A0FAF68-731F-4C4F-B2D5-1BAD565ADC13} = {5CBD0735-70DD-4077-A8DC-EEF29A0B5E47}
		{BAEF71E6-15FA-4A39-8D67-C92B4814A407} = {A29DCE6C-A1AC-4315-97C9-DC0006C0F2B6}
	EndGlobalSection
EndGlobal
